<?xml version="1.0" encoding="utf-8"?>
<Project ToolsVersion="4.0" xmlns="http://schemas.microsoft.com/developer/msbuild/2003">
  <ItemGroup>
    <Filter Include="Source Files">
      <UniqueIdentifier>{4FC737F1-C7A5-4376-A066-2A32D752A2FF}</UniqueIdentifier>
      <Extensions>cpp;c;cc;cxx;c++;cppm;ixx;def;odl;idl;hpj;bat;asm;asmx</Extensions>
    </Filter>
    <Filter Include="Header Files">
      <UniqueIdentifier>{93995380-89BD-4b04-88EB-625FBE52EBFB}</UniqueIdentifier>
      <Extensions>h;hh;hpp;hxx;h++;hm;inl;inc;ipp;xsd</Extensions>
    </Filter>
    <Filter Include="Resource Files">
      <UniqueIdentifier>{67DA6AB6-F800-4c08-8B7A-83BB121AAD01}</UniqueIdentifier>
      <Extensions>rc;ico;cur;bmp;dlg;rc2;rct;bin;rgs;gif;jpg;jpeg;jpe;resx;tiff;tif;png;wav;mfcribbon-ms</Extensions>
    </Filter>
  </ItemGroup>
  <ItemGroup>
    <ClCompile Include="MyForm.cpp">
      <Filter>Source Files</Filter>
    </ClCompile>
    <ClCompile Include="MyForm1.cpp">
      <Filter>Source Files</Filter>
    </ClCompile>
    <ClCompile Include="hiphopclassics.cpp">
      <Filter>Source Files</Filter>
    </ClCompile>
    <ClCompile Include="Autumn.cpp">
      <Filter>Source Files</Filter>
    </ClCompile>
    <ClCompile Include="Weeknd.cpp">
      <Filter>Source Files</Filter>
    </ClCompile>
    <ClCompile Include="Fayrouz.cpp">
      <Filter>Source Files</Filter>
    </ClCompile>
    <ClCompile Include="notqueue.cpp">
      <Filter>Source Files</Filter>
    </ClCompile>
    <ClCompile Include="Chilling.cpp">
      <Filter>Source Files</Filter>
    </ClCompile>
    <ClCompile Include="Driving.cpp">
      <Filter>Source Files</Filter>
    </ClCompile>
    <ClCompile Include="notLL.cpp">
      <Filter>Source Files</Filter>
    </ClCompile>
    <ClCompile Include="notstack.cpp">
      <Filter>Source Files</Filter>
    </ClCompile>
    <ClCompile Include="topfrench.cpp">
      <Filter>Source Files</Filter>
    </ClCompile>
    <ClCompile Include="newhiphop.cpp">
      <Filter>Source Files</Filter>
    </ClCompile>
  </ItemGroup>
  <ItemGroup>
    <ClInclude Include="MyForm.h">
      <Filter>Header Files</Filter>
    </ClInclude>
    <ClInclude Include="MyForm1.h">
      <Filter>Header Files</Filter>
    </ClInclude>
    <ClInclude Include="hiphopclassics.h">
      <Filter>Header Files</Filter>
    </ClInclude>
    <ClInclude Include="Autumn.h">
      <Filter>Header Files</Filter>
    </ClInclude>
    <ClInclude Include="Weeknd.h">
      <Filter>Header Files</Filter>
    </ClInclude>
    <ClInclude Include="Fayrouz.h">
      <Filter>Header Files</Filter>
    </ClInclude>
    <ClInclude Include="notqueue.h">
      <Filter>Header Files</Filter>
    </ClInclude>
    <ClInclude Include="Chilling.h">
      <Filter>Header Files</Filter>
    </ClInclude>
    <ClInclude Include="Driving.h">
      <Filter>Header Files</Filter>
    </ClInclude>
    <ClInclude Include="notLL.h">
      <Filter>Header Files</Filter>
    </ClInclude>
    <ClInclude Include="notstack.h">
      <Filter>Header Files</Filter>
    </ClInclude>
    <ClInclude Include="topfrench.h">
      <Filter>Header Files</Filter>
    </ClInclude>
    <ClInclude Include="newhiphop.h">
      <Filter>Header Files</Filter>
    </ClInclude>
  </ItemGroup>
</Project>